// !$*UTF8*$!
{
	archiveVersion = 1;
	classes = {
	};
	objectVersion = 56;
	objects = {

/* Begin PBXBuildFile section */
		FEE3970F2A8E004500E2FBC8 /* Rick_And_MortyApp.swift in Sources */ = {isa = PBXBuildFile; fileRef = FEE3970E2A8E004500E2FBC8 /* Rick_And_MortyApp.swift */; };
		FEE397112A8E004500E2FBC8 /* MainScreenView.swift in Sources */ = {isa = PBXBuildFile; fileRef = FEE397102A8E004500E2FBC8 /* MainScreenView.swift */; };
		FEE397132A8E004700E2FBC8 /* Assets.xcassets in Resources */ = {isa = PBXBuildFile; fileRef = FEE397122A8E004700E2FBC8 /* Assets.xcassets */; };
		FEE397162A8E004700E2FBC8 /* Preview Assets.xcassets in Resources */ = {isa = PBXBuildFile; fileRef = FEE397152A8E004700E2FBC8 /* Preview Assets.xcassets */; };
		FEE3971E2A8E03FA00E2FBC8 /* SplashScreenView.swift in Sources */ = {isa = PBXBuildFile; fileRef = FEE3971D2A8E03FA00E2FBC8 /* SplashScreenView.swift */; };
		FEE397222A8E134700E2FBC8 /* CustomColors.swift in Sources */ = {isa = PBXBuildFile; fileRef = FEE397212A8E134700E2FBC8 /* CustomColors.swift */; };
		FEE397252A8E1B8300E2FBC8 /* SplashScreenViewModel.swift in Sources */ = {isa = PBXBuildFile; fileRef = FEE397242A8E1B8300E2FBC8 /* SplashScreenViewModel.swift */; };
		FEE3972B2A8E21F500E2FBC8 /* MainScreenViewController.swift in Sources */ = {isa = PBXBuildFile; fileRef = FEE3972A2A8E21F500E2FBC8 /* MainScreenViewController.swift */; };
		FEE397332A8E2FC600E2FBC8 /* Gilroy-Bold.ttf in Resources */ = {isa = PBXBuildFile; fileRef = FEE397302A8E2FBF00E2FBC8 /* Gilroy-Bold.ttf */; };
		FEE397342A8E2FC900E2FBC8 /* Gilroy-Medium.ttf in Resources */ = {isa = PBXBuildFile; fileRef = FEE397312A8E2FBF00E2FBC8 /* Gilroy-Medium.ttf */; };
		FEE397352A8E2FCC00E2FBC8 /* Gilroy-SemiBold.ttf in Resources */ = {isa = PBXBuildFile; fileRef = FEE397322A8E2FBF00E2FBC8 /* Gilroy-SemiBold.ttf */; };
		FEE397382A8E3FF300E2FBC8 /* Fonts.swift in Sources */ = {isa = PBXBuildFile; fileRef = FEE397372A8E3FF300E2FBC8 /* Fonts.swift */; };
		FEE3973C2A8F5FED00E2FBC8 /* Bindable.swift in Sources */ = {isa = PBXBuildFile; fileRef = FEE3973B2A8F5FED00E2FBC8 /* Bindable.swift */; };
		FEE397422A8F6A3A00E2FBC8 /* CharacterCell.swift in Sources */ = {isa = PBXBuildFile; fileRef = FEE397412A8F6A3A00E2FBC8 /* CharacterCell.swift */; };
		FEE397512A8F70B800E2FBC8 /* DataManager.swift in Sources */ = {isa = PBXBuildFile; fileRef = FEE397502A8F70B800E2FBC8 /* DataManager.swift */; };
		FEE397532A8F71DA00E2FBC8 /* APIData.swift in Sources */ = {isa = PBXBuildFile; fileRef = FEE397522A8F71DA00E2FBC8 /* APIData.swift */; };
		FEE397552A8F71EE00E2FBC8 /* Info.swift in Sources */ = {isa = PBXBuildFile; fileRef = FEE397542A8F71EE00E2FBC8 /* Info.swift */; };
		FEE397572A8F720F00E2FBC8 /* Character.swift in Sources */ = {isa = PBXBuildFile; fileRef = FEE397562A8F720F00E2FBC8 /* Character.swift */; };
		FEE397592A8F722200E2FBC8 /* Origin.swift in Sources */ = {isa = PBXBuildFile; fileRef = FEE397582A8F722200E2FBC8 /* Origin.swift */; };
		FEE3975B2A8F723700E2FBC8 /* Episode.swift in Sources */ = {isa = PBXBuildFile; fileRef = FEE3975A2A8F723700E2FBC8 /* Episode.swift */; };
		FEE3975D2A90B17A00E2FBC8 /* CacheManager.swift in Sources */ = {isa = PBXBuildFile; fileRef = FEE3975C2A90B17A00E2FBC8 /* CacheManager.swift */; };
		FEE3975F2A90E4BE00E2FBC8 /* DetailsScreenView.swift in Sources */ = {isa = PBXBuildFile; fileRef = FEE3975E2A90E4BE00E2FBC8 /* DetailsScreenView.swift */; };
		FEE397612A920C1E00E2FBC8 /* MainScreenViewControllerRepresentable.swift in Sources */ = {isa = PBXBuildFile; fileRef = FEE397602A920C1E00E2FBC8 /* MainScreenViewControllerRepresentable.swift */; };
		FEE397632A92130500E2FBC8 /* DetailsScreenViewModel.swift in Sources */ = {isa = PBXBuildFile; fileRef = FEE397622A92130500E2FBC8 /* DetailsScreenViewModel.swift */; };
		FEE397662A921A7F00E2FBC8 /* InfoView.swift in Sources */ = {isa = PBXBuildFile; fileRef = FEE397652A921A7F00E2FBC8 /* InfoView.swift */; };
		FEE3976F2A922CEE00E2FBC8 /* OriginView.swift in Sources */ = {isa = PBXBuildFile; fileRef = FEE3976E2A922CEE00E2FBC8 /* OriginView.swift */; };
		FEE397712A92449500E2FBC8 /* EpisodesView.swift in Sources */ = {isa = PBXBuildFile; fileRef = FEE397702A92449500E2FBC8 /* EpisodesView.swift */; };
		FEE397742A9244D500E2FBC8 /* EpisodesCell.swift in Sources */ = {isa = PBXBuildFile; fileRef = FEE397732A9244D500E2FBC8 /* EpisodesCell.swift */; };
/* End PBXBuildFile section */

/* Begin PBXFileReference section */
		FEE3970B2A8E004500E2FBC8 /* Rick And Morty.app */ = {isa = PBXFileReference; explicitFileType = wrapper.application; includeInIndex = 0; path = "Rick And Morty.app"; sourceTree = BUILT_PRODUCTS_DIR; };
		FEE3970E2A8E004500E2FBC8 /* Rick_And_MortyApp.swift */ = {isa = PBXFileReference; lastKnownFileType = sourcecode.swift; path = Rick_And_MortyApp.swift; sourceTree = "<group>"; };
		FEE397102A8E004500E2FBC8 /* MainScreenView.swift */ = {isa = PBXFileReference; lastKnownFileType = sourcecode.swift; path = MainScreenView.swift; sourceTree = "<group>"; };
		FEE397122A8E004700E2FBC8 /* Assets.xcassets */ = {isa = PBXFileReference; lastKnownFileType = folder.assetcatalog; path = Assets.xcassets; sourceTree = "<group>"; };
		FEE397152A8E004700E2FBC8 /* Preview Assets.xcassets */ = {isa = PBXFileReference; lastKnownFileType = folder.assetcatalog; path = "Preview Assets.xcassets"; sourceTree = "<group>"; };
		FEE3971D2A8E03FA00E2FBC8 /* SplashScreenView.swift */ = {isa = PBXFileReference; lastKnownFileType = sourcecode.swift; path = SplashScreenView.swift; sourceTree = "<group>"; };
		FEE397212A8E134700E2FBC8 /* CustomColors.swift */ = {isa = PBXFileReference; lastKnownFileType = sourcecode.swift; path = CustomColors.swift; sourceTree = "<group>"; };
		FEE397242A8E1B8300E2FBC8 /* SplashScreenViewModel.swift */ = {isa = PBXFileReference; lastKnownFileType = sourcecode.swift; path = SplashScreenViewModel.swift; sourceTree = "<group>"; };
		FEE3972A2A8E21F500E2FBC8 /* MainScreenViewController.swift */ = {isa = PBXFileReference; lastKnownFileType = sourcecode.swift; path = MainScreenViewController.swift; sourceTree = "<group>"; };
		FEE397302A8E2FBF00E2FBC8 /* Gilroy-Bold.ttf */ = {isa = PBXFileReference; lastKnownFileType = file; path = "Gilroy-Bold.ttf"; sourceTree = "<group>"; };
		FEE397312A8E2FBF00E2FBC8 /* Gilroy-Medium.ttf */ = {isa = PBXFileReference; lastKnownFileType = file; path = "Gilroy-Medium.ttf"; sourceTree = "<group>"; };
		FEE397322A8E2FBF00E2FBC8 /* Gilroy-SemiBold.ttf */ = {isa = PBXFileReference; lastKnownFileType = file; path = "Gilroy-SemiBold.ttf"; sourceTree = "<group>"; };
		FEE397362A8E2FD700E2FBC8 /* Rick-And-Morty-Info.plist */ = {isa = PBXFileReference; lastKnownFileType = text.plist; path = "Rick-And-Morty-Info.plist"; sourceTree = SOURCE_ROOT; };
		FEE397372A8E3FF300E2FBC8 /* Fonts.swift */ = {isa = PBXFileReference; lastKnownFileType = sourcecode.swift; path = Fonts.swift; sourceTree = "<group>"; };
		FEE3973B2A8F5FED00E2FBC8 /* Bindable.swift */ = {isa = PBXFileReference; lastKnownFileType = sourcecode.swift; path = Bindable.swift; sourceTree = "<group>"; };
		FEE397412A8F6A3A00E2FBC8 /* CharacterCell.swift */ = {isa = PBXFileReference; lastKnownFileType = sourcecode.swift; path = CharacterCell.swift; sourceTree = "<group>"; };
		FEE397502A8F70B800E2FBC8 /* DataManager.swift */ = {isa = PBXFileReference; lastKnownFileType = sourcecode.swift; path = DataManager.swift; sourceTree = "<group>"; };
		FEE397522A8F71DA00E2FBC8 /* APIData.swift */ = {isa = PBXFileReference; lastKnownFileType = sourcecode.swift; path = APIData.swift; sourceTree = "<group>"; };
		FEE397542A8F71EE00E2FBC8 /* Info.swift */ = {isa = PBXFileReference; lastKnownFileType = sourcecode.swift; path = Info.swift; sourceTree = "<group>"; };
		FEE397562A8F720F00E2FBC8 /* Character.swift */ = {isa = PBXFileReference; lastKnownFileType = sourcecode.swift; path = Character.swift; sourceTree = "<group>"; };
		FEE397582A8F722200E2FBC8 /* Origin.swift */ = {isa = PBXFileReference; lastKnownFileType = sourcecode.swift; path = Origin.swift; sourceTree = "<group>"; };
		FEE3975A2A8F723700E2FBC8 /* Episode.swift */ = {isa = PBXFileReference; lastKnownFileType = sourcecode.swift; path = Episode.swift; sourceTree = "<group>"; };
		FEE3975C2A90B17A00E2FBC8 /* CacheManager.swift */ = {isa = PBXFileReference; lastKnownFileType = sourcecode.swift; path = CacheManager.swift; sourceTree = "<group>"; };
		FEE3975E2A90E4BE00E2FBC8 /* DetailsScreenView.swift */ = {isa = PBXFileReference; lastKnownFileType = sourcecode.swift; path = DetailsScreenView.swift; sourceTree = "<group>"; };
		FEE397602A920C1E00E2FBC8 /* MainScreenViewControllerRepresentable.swift */ = {isa = PBXFileReference; lastKnownFileType = sourcecode.swift; path = MainScreenViewControllerRepresentable.swift; sourceTree = "<group>"; };
		FEE397622A92130500E2FBC8 /* DetailsScreenViewModel.swift */ = {isa = PBXFileReference; lastKnownFileType = sourcecode.swift; path = DetailsScreenViewModel.swift; sourceTree = "<group>"; };
		FEE397652A921A7F00E2FBC8 /* InfoView.swift */ = {isa = PBXFileReference; lastKnownFileType = sourcecode.swift; path = InfoView.swift; sourceTree = "<group>"; };
		FEE3976E2A922CEE00E2FBC8 /* OriginView.swift */ = {isa = PBXFileReference; lastKnownFileType = sourcecode.swift; path = OriginView.swift; sourceTree = "<group>"; };
		FEE397702A92449500E2FBC8 /* EpisodesView.swift */ = {isa = PBXFileReference; lastKnownFileType = sourcecode.swift; path = EpisodesView.swift; sourceTree = "<group>"; };
		FEE397732A9244D500E2FBC8 /* EpisodesCell.swift */ = {isa = PBXFileReference; lastKnownFileType = sourcecode.swift; path = EpisodesCell.swift; sourceTree = "<group>"; };
/* End PBXFileReference section */

/* Begin PBXFrameworksBuildPhase section */
		FEE397082A8E004500E2FBC8 /* Frameworks */ = {
			isa = PBXFrameworksBuildPhase;
			buildActionMask = 2147483647;
			files = (
			);
			runOnlyForDeploymentPostprocessing = 0;
		};
/* End PBXFrameworksBuildPhase section */

/* Begin PBXGroup section */
		FEE397022A8E004500E2FBC8 = {
			isa = PBXGroup;
			children = (
				FEE3970D2A8E004500E2FBC8 /* Rick And Morty */,
				FEE3970C2A8E004500E2FBC8 /* Products */,
			);
			sourceTree = "<group>";
		};
		FEE3970C2A8E004500E2FBC8 /* Products */ = {
			isa = PBXGroup;
			children = (
				FEE3970B2A8E004500E2FBC8 /* Rick And Morty.app */,
			);
			name = Products;
			sourceTree = "<group>";
		};
		FEE3970D2A8E004500E2FBC8 /* Rick And Morty */ = {
			isa = PBXGroup;
			children = (
				FEE397362A8E2FD700E2FBC8 /* Rick-And-Morty-Info.plist */,
				FEE3971C2A8E03CD00E2FBC8 /* Application */,
				FEE3971F2A8E040100E2FBC8 /* Views */,
				FEE397232A8E1B6E00E2FBC8 /* ViewModels */,
				FEE3973D2A8F62C500E2FBC8 /* Models */,
				FEE3974F2A8F70A900E2FBC8 /* Managers */,
				FEE397202A8E133700E2FBC8 /* Helpers */,
				FEE3972F2A8E2FAA00E2FBC8 /* Fonts */,
				FEE397122A8E004700E2FBC8 /* Assets.xcassets */,
				FEE397142A8E004700E2FBC8 /* Preview Content */,
			);
			path = "Rick And Morty";
			sourceTree = "<group>";
		};
		FEE397142A8E004700E2FBC8 /* Preview Content */ = {
			isa = PBXGroup;
			children = (
				FEE397152A8E004700E2FBC8 /* Preview Assets.xcassets */,
			);
			path = "Preview Content";
			sourceTree = "<group>";
		};
		FEE3971C2A8E03CD00E2FBC8 /* Application */ = {
			isa = PBXGroup;
			children = (
				FEE3970E2A8E004500E2FBC8 /* Rick_And_MortyApp.swift */,
			);
			path = Application;
			sourceTree = "<group>";
		};
		FEE3971F2A8E040100E2FBC8 /* Views */ = {
			isa = PBXGroup;
			children = (
				FEE397292A8E21CD00E2FBC8 /* ViewControllers */,
				FEE3971D2A8E03FA00E2FBC8 /* SplashScreenView.swift */,
				FEE397102A8E004500E2FBC8 /* MainScreenView.swift */,
				FEE3975E2A90E4BE00E2FBC8 /* DetailsScreenView.swift */,
				FEE397642A921A6700E2FBC8 /* SubVIews */,
			);
			path = Views;
			sourceTree = "<group>";
		};
		FEE397202A8E133700E2FBC8 /* Helpers */ = {
			isa = PBXGroup;
			children = (
				FEE397212A8E134700E2FBC8 /* CustomColors.swift */,
				FEE397372A8E3FF300E2FBC8 /* Fonts.swift */,
				FEE3973B2A8F5FED00E2FBC8 /* Bindable.swift */,
				FEE397602A920C1E00E2FBC8 /* MainScreenViewControllerRepresentable.swift */,
			);
			path = Helpers;
			sourceTree = "<group>";
		};
		FEE397232A8E1B6E00E2FBC8 /* ViewModels */ = {
			isa = PBXGroup;
			children = (
				FEE397242A8E1B8300E2FBC8 /* SplashScreenViewModel.swift */,
				FEE397622A92130500E2FBC8 /* DetailsScreenViewModel.swift */,
			);
			path = ViewModels;
			sourceTree = "<group>";
		};
		FEE397292A8E21CD00E2FBC8 /* ViewControllers */ = {
			isa = PBXGroup;
			children = (
				FEE3972A2A8E21F500E2FBC8 /* MainScreenViewController.swift */,
				FEE397412A8F6A3A00E2FBC8 /* CharacterCell.swift */,
			);
			path = ViewControllers;
			sourceTree = "<group>";
		};
		FEE3972F2A8E2FAA00E2FBC8 /* Fonts */ = {
			isa = PBXGroup;
			children = (
				FEE397302A8E2FBF00E2FBC8 /* Gilroy-Bold.ttf */,
				FEE397312A8E2FBF00E2FBC8 /* Gilroy-Medium.ttf */,
				FEE397322A8E2FBF00E2FBC8 /* Gilroy-SemiBold.ttf */,
			);
			path = Fonts;
			sourceTree = "<group>";
		};
		FEE3973D2A8F62C500E2FBC8 /* Models */ = {
			isa = PBXGroup;
			children = (
				FEE397522A8F71DA00E2FBC8 /* APIData.swift */,
				FEE397542A8F71EE00E2FBC8 /* Info.swift */,
				FEE397562A8F720F00E2FBC8 /* Character.swift */,
				FEE397582A8F722200E2FBC8 /* Origin.swift */,
				FEE3975A2A8F723700E2FBC8 /* Episode.swift */,
			);
			path = Models;
			sourceTree = "<group>";
		};
		FEE3974F2A8F70A900E2FBC8 /* Managers */ = {
			isa = PBXGroup;
			children = (
				FEE397502A8F70B800E2FBC8 /* DataManager.swift */,
				FEE3975C2A90B17A00E2FBC8 /* CacheManager.swift */,
			);
			path = Managers;
			sourceTree = "<group>";
		};
		FEE397642A921A6700E2FBC8 /* SubVIews */ = {
			isa = PBXGroup;
			children = (
				FEE397652A921A7F00E2FBC8 /* InfoView.swift */,
				FEE3976E2A922CEE00E2FBC8 /* OriginView.swift */,
				FEE397722A9244C500E2FBC8 /* Episodes */,
			);
			path = SubVIews;
			sourceTree = "<group>";
		};
		FEE397722A9244C500E2FBC8 /* Episodes */ = {
			isa = PBXGroup;
			children = (
				FEE397702A92449500E2FBC8 /* EpisodesView.swift */,
				FEE397732A9244D500E2FBC8 /* EpisodesCell.swift */,
			);
			path = Episodes;
			sourceTree = "<group>";
		};
/* End PBXGroup section */

/* Begin PBXNativeTarget section */
		FEE3970A2A8E004500E2FBC8 /* Rick And Morty */ = {
			isa = PBXNativeTarget;
			buildConfigurationList = FEE397192A8E004700E2FBC8 /* Build configuration list for PBXNativeTarget "Rick And Morty" */;
			buildPhases = (
				FEE397072A8E004500E2FBC8 /* Sources */,
				FEE397082A8E004500E2FBC8 /* Frameworks */,
				FEE397092A8E004500E2FBC8 /* Resources */,
			);
			buildRules = (
			);
			dependencies = (
			);
			name = "Rick And Morty";
			packageProductDependencies = (
			);
			productName = "Rick And Morty";
			productReference = FEE3970B2A8E004500E2FBC8 /* Rick And Morty.app */;
			productType = "com.apple.product-type.application";
		};
/* End PBXNativeTarget section */

/* Begin PBXProject section */
		FEE397032A8E004500E2FBC8 /* Project object */ = {
			isa = PBXProject;
			attributes = {
				BuildIndependentTargetsInParallel = 1;
				LastSwiftUpdateCheck = 1430;
				LastUpgradeCheck = 1430;
				TargetAttributes = {
					FEE3970A2A8E004500E2FBC8 = {
						CreatedOnToolsVersion = 14.3.1;
					};
				};
			};
			buildConfigurationList = FEE397062A8E004500E2FBC8 /* Build configuration list for PBXProject "Rick And Morty" */;
			compatibilityVersion = "Xcode 14.0";
			developmentRegion = en;
			hasScannedForEncodings = 0;
			knownRegions = (
				en,
				Base,
			);
			mainGroup = FEE397022A8E004500E2FBC8;
			packageReferences = (
			);
			productRefGroup = FEE3970C2A8E004500E2FBC8 /* Products */;
			projectDirPath = "";
			projectRoot = "";
			targets = (
				FEE3970A2A8E004500E2FBC8 /* Rick And Morty */,
			);
		};
/* End PBXProject section */

/* Begin PBXResourcesBuildPhase section */
		FEE397092A8E004500E2FBC8 /* Resources */ = {
			isa = PBXResourcesBuildPhase;
			buildActionMask = 2147483647;
			files = (
				FEE397332A8E2FC600E2FBC8 /* Gilroy-Bold.ttf in Resources */,
				FEE397342A8E2FC900E2FBC8 /* Gilroy-Medium.ttf in Resources */,
				FEE397162A8E004700E2FBC8 /* Preview Assets.xcassets in Resources */,
				FEE397352A8E2FCC00E2FBC8 /* Gilroy-SemiBold.ttf in Resources */,
				FEE397132A8E004700E2FBC8 /* Assets.xcassets in Resources */,
			);
			runOnlyForDeploymentPostprocessing = 0;
		};
/* End PBXResourcesBuildPhase section */

/* Begin PBXSourcesBuildPhase section */
		FEE397072A8E004500E2FBC8 /* Sources */ = {
			isa = PBXSourcesBuildPhase;
			buildActionMask = 2147483647;
			files = (
				FEE397712A92449500E2FBC8 /* EpisodesView.swift in Sources */,
				FEE397512A8F70B800E2FBC8 /* DataManager.swift in Sources */,
				FEE3973C2A8F5FED00E2FBC8 /* Bindable.swift in Sources */,
				FEE3976F2A922CEE00E2FBC8 /* OriginView.swift in Sources */,
				FEE397382A8E3FF300E2FBC8 /* Fonts.swift in Sources */,
				FEE397422A8F6A3A00E2FBC8 /* CharacterCell.swift in Sources */,
				FEE397112A8E004500E2FBC8 /* MainScreenView.swift in Sources */,
				FEE397632A92130500E2FBC8 /* DetailsScreenViewModel.swift in Sources */,
				FEE3972B2A8E21F500E2FBC8 /* MainScreenViewController.swift in Sources */,
				FEE3970F2A8E004500E2FBC8 /* Rick_And_MortyApp.swift in Sources */,
				FEE397532A8F71DA00E2FBC8 /* APIData.swift in Sources */,
				FEE3975D2A90B17A00E2FBC8 /* CacheManager.swift in Sources */,
				FEE397222A8E134700E2FBC8 /* CustomColors.swift in Sources */,
				FEE3971E2A8E03FA00E2FBC8 /* SplashScreenView.swift in Sources */,
				FEE397662A921A7F00E2FBC8 /* InfoView.swift in Sources */,
				FEE397572A8F720F00E2FBC8 /* Character.swift in Sources */,
				FEE397742A9244D500E2FBC8 /* EpisodesCell.swift in Sources */,
				FEE3975B2A8F723700E2FBC8 /* Episode.swift in Sources */,
				FEE397252A8E1B8300E2FBC8 /* SplashScreenViewModel.swift in Sources */,
				FEE3975F2A90E4BE00E2FBC8 /* DetailsScreenView.swift in Sources */,
				FEE397552A8F71EE00E2FBC8 /* Info.swift in Sources */,
				FEE397612A920C1E00E2FBC8 /* MainScreenViewControllerRepresentable.swift in Sources */,
				FEE397592A8F722200E2FBC8 /* Origin.swift in Sources */,
			);
			runOnlyForDeploymentPostprocessing = 0;
		};
/* End PBXSourcesBuildPhase section */

/* Begin XCBuildConfiguration section */
		FEE397172A8E004700E2FBC8 /* Debug */ = {
			isa = XCBuildConfiguration;
			buildSettings = {
				ALWAYS_SEARCH_USER_PATHS = NO;
				CLANG_ANALYZER_NONNULL = YES;
				CLANG_ANALYZER_NUMBER_OBJECT_CONVERSION = YES_AGGRESSIVE;
				CLANG_CXX_LANGUAGE_STANDARD = "gnu++20";
				CLANG_ENABLE_MODULES = YES;
				CLANG_ENABLE_OBJC_ARC = YES;
				CLANG_ENABLE_OBJC_WEAK = YES;
				CLANG_WARN_BLOCK_CAPTURE_AUTORELEASING = YES;
				CLANG_WARN_BOOL_CONVERSION = YES;
				CLANG_WARN_COMMA = YES;
				CLANG_WARN_CONSTANT_CONVERSION = YES;
				CLANG_WARN_DEPRECATED_OBJC_IMPLEMENTATIONS = YES;
				CLANG_WARN_DIRECT_OBJC_ISA_USAGE = YES_ERROR;
				CLANG_WARN_DOCUMENTATION_COMMENTS = YES;
				CLANG_WARN_EMPTY_BODY = YES;
				CLANG_WARN_ENUM_CONVERSION = YES;
				CLANG_WARN_INFINITE_RECURSION = YES;
				CLANG_WARN_INT_CONVERSION = YES;
				CLANG_WARN_NON_LITERAL_NULL_CONVERSION = YES;
				CLANG_WARN_OBJC_IMPLICIT_RETAIN_SELF = YES;
				CLANG_WARN_OBJC_LITERAL_CONVERSION = YES;
				CLANG_WARN_OBJC_ROOT_CLASS = YES_ERROR;
				CLANG_WARN_QUOTED_INCLUDE_IN_FRAMEWORK_HEADER = YES;
				CLANG_WARN_RANGE_LOOP_ANALYSIS = YES;
				CLANG_WARN_STRICT_PROTOTYPES = YES;
				CLANG_WARN_SUSPICIOUS_MOVE = YES;
				CLANG_WARN_UNGUARDED_AVAILABILITY = YES_AGGRESSIVE;
				CLANG_WARN_UNREACHABLE_CODE = YES;
				CLANG_WARN__DUPLICATE_METHOD_MATCH = YES;
				COPY_PHASE_STRIP = NO;
				DEBUG_INFORMATION_FORMAT = dwarf;
				ENABLE_STRICT_OBJC_MSGSEND = YES;
				ENABLE_TESTABILITY = YES;
				GCC_C_LANGUAGE_STANDARD = gnu11;
				GCC_DYNAMIC_NO_PIC = NO;
				GCC_NO_COMMON_BLOCKS = YES;
				GCC_OPTIMIZATION_LEVEL = 0;
				GCC_PREPROCESSOR_DEFINITIONS = (
					"DEBUG=1",
					"$(inherited)",
				);
				GCC_WARN_64_TO_32_BIT_CONVERSION = YES;
				GCC_WARN_ABOUT_RETURN_TYPE = YES_ERROR;
				GCC_WARN_UNDECLARED_SELECTOR = YES;
				GCC_WARN_UNINITIALIZED_AUTOS = YES_AGGRESSIVE;
				GCC_WARN_UNUSED_FUNCTION = YES;
				GCC_WARN_UNUSED_VARIABLE = YES;
				IPHONEOS_DEPLOYMENT_TARGET = 16.4;
				MTL_ENABLE_DEBUG_INFO = INCLUDE_SOURCE;
				MTL_FAST_MATH = YES;
				ONLY_ACTIVE_ARCH = YES;
				SDKROOT = iphoneos;
				SWIFT_ACTIVE_COMPILATION_CONDITIONS = DEBUG;
				SWIFT_OPTIMIZATION_LEVEL = "-Onone";
			};
			name = Debug;
		};
		FEE397182A8E004700E2FBC8 /* Release */ = {
			isa = XCBuildConfiguration;
			buildSettings = {
				ALWAYS_SEARCH_USER_PATHS = NO;
				CLANG_ANALYZER_NONNULL = YES;
				CLANG_ANALYZER_NUMBER_OBJECT_CONVERSION = YES_AGGRESSIVE;
				CLANG_CXX_LANGUAGE_STANDARD = "gnu++20";
				CLANG_ENABLE_MODULES = YES;
				CLANG_ENABLE_OBJC_ARC = YES;
				CLANG_ENABLE_OBJC_WEAK = YES;
				CLANG_WARN_BLOCK_CAPTURE_AUTORELEASING = YES;
				CLANG_WARN_BOOL_CONVERSION = YES;
				CLANG_WARN_COMMA = YES;
				CLANG_WARN_CONSTANT_CONVERSION = YES;
				CLANG_WARN_DEPRECATED_OBJC_IMPLEMENTATIONS = YES;
				CLANG_WARN_DIRECT_OBJC_ISA_USAGE = YES_ERROR;
				CLANG_WARN_DOCUMENTATION_COMMENTS = YES;
				CLANG_WARN_EMPTY_BODY = YES;
				CLANG_WARN_ENUM_CONVERSION = YES;
				CLANG_WARN_INFINITE_RECURSION = YES;
				CLANG_WARN_INT_CONVERSION = YES;
				CLANG_WARN_NON_LITERAL_NULL_CONVERSION = YES;
				CLANG_WARN_OBJC_IMPLICIT_RETAIN_SELF = YES;
				CLANG_WARN_OBJC_LITERAL_CONVERSION = YES;
				CLANG_WARN_OBJC_ROOT_CLASS = YES_ERROR;
				CLANG_WARN_QUOTED_INCLUDE_IN_FRAMEWORK_HEADER = YES;
				CLANG_WARN_RANGE_LOOP_ANALYSIS = YES;
				CLANG_WARN_STRICT_PROTOTYPES = YES;
				CLANG_WARN_SUSPICIOUS_MOVE = YES;
				CLANG_WARN_UNGUARDED_AVAILABILITY = YES_AGGRESSIVE;
				CLANG_WARN_UNREACHABLE_CODE = YES;
				CLANG_WARN__DUPLICATE_METHOD_MATCH = YES;
				COPY_PHASE_STRIP = NO;
				DEBUG_INFORMATION_FORMAT = "dwarf-with-dsym";
				ENABLE_NS_ASSERTIONS = NO;
				ENABLE_STRICT_OBJC_MSGSEND = YES;
				GCC_C_LANGUAGE_STANDARD = gnu11;
				GCC_NO_COMMON_BLOCKS = YES;
				GCC_WARN_64_TO_32_BIT_CONVERSION = YES;
				GCC_WARN_ABOUT_RETURN_TYPE = YES_ERROR;
				GCC_WARN_UNDECLARED_SELECTOR = YES;
				GCC_WARN_UNINITIALIZED_AUTOS = YES_AGGRESSIVE;
				GCC_WARN_UNUSED_FUNCTION = YES;
				GCC_WARN_UNUSED_VARIABLE = YES;
				IPHONEOS_DEPLOYMENT_TARGET = 16.4;
				MTL_ENABLE_DEBUG_INFO = NO;
				MTL_FAST_MATH = YES;
				SDKROOT = iphoneos;
				SWIFT_COMPILATION_MODE = wholemodule;
				SWIFT_OPTIMIZATION_LEVEL = "-O";
				VALIDATE_PRODUCT = YES;
			};
			name = Release;
		};
		FEE3971A2A8E004700E2FBC8 /* Debug */ = {
			isa = XCBuildConfiguration;
			buildSettings = {
				ASSETCATALOG_COMPILER_APPICON_NAME = AppIcon;
				ASSETCATALOG_COMPILER_GLOBAL_ACCENT_COLOR_NAME = AccentColor;
				CODE_SIGN_STYLE = Automatic;
				CURRENT_PROJECT_VERSION = 1;
				DEVELOPMENT_ASSET_PATHS = "\"Rick And Morty/Preview Content\"";
				DEVELOPMENT_TEAM = 767DT3Q3RN;
				ENABLE_PREVIEWS = YES;
				GENERATE_INFOPLIST_FILE = YES;
				INFOPLIST_FILE = "Rick-And-Morty-Info.plist";
				INFOPLIST_KEY_UIApplicationSceneManifest_Generation = YES;
				INFOPLIST_KEY_UIApplicationSupportsIndirectInputEvents = YES;
				INFOPLIST_KEY_UILaunchScreen_Generation = YES;
				INFOPLIST_KEY_UISupportedInterfaceOrientations_iPad = "UIInterfaceOrientationPortrait UIInterfaceOrientationPortraitUpsideDown UIInterfaceOrientationLandscapeLeft UIInterfaceOrientationLandscapeRight";
				INFOPLIST_KEY_UISupportedInterfaceOrientations_iPhone = "UIInterfaceOrientationPortrait UIInterfaceOrientationLandscapeLeft UIInterfaceOrientationLandscapeRight";
				INFOPLIST_KEY_UIUserInterfaceStyle = Dark;
				IPHONEOS_DEPLOYMENT_TARGET = 15.0;
				LD_RUNPATH_SEARCH_PATHS = (
					"$(inherited)",
					"@executable_path/Frameworks",
				);
				MARKETING_VERSION = 1.0;
				PRODUCT_BUNDLE_IDENTIFIER = "com.postnikova.Rick-And-Morty";
				PRODUCT_NAME = "$(TARGET_NAME)";
				SUPPORTED_PLATFORMS = "iphoneos iphonesimulator";
				SUPPORTS_MACCATALYST = NO;
				SUPPORTS_MAC_DESIGNED_FOR_IPHONE_IPAD = NO;
				SWIFT_EMIT_LOC_STRINGS = YES;
				SWIFT_VERSION = 5.0;
				TARGETED_DEVICE_FAMILY = 1;
			};
			name = Debug;
		};
		FEE3971B2A8E004700E2FBC8 /* Release */ = {
			isa = XCBuildConfiguration;
			buildSettings = {
				ASSETCATALOG_COMPILER_APPICON_NAME = AppIcon;
				ASSETCATALOG_COMPILER_GLOBAL_ACCENT_COLOR_NAME = AccentColor;
				CODE_SIGN_STYLE = Automatic;
				CURRENT_PROJECT_VERSION = 1;
				DEVELOPMENT_ASSET_PATHS = "\"Rick And Morty/Preview Content\"";
				DEVELOPMENT_TEAM = 767DT3Q3RN;
				ENABLE_PREVIEWS = YES;
				GENERATE_INFOPLIST_FILE = YES;
				INFOPLIST_FILE = "Rick-And-Morty-Info.plist";
				INFOPLIST_KEY_UIApplicationSceneManifest_Generation = YES;
				INFOPLIST_KEY_UIApplicationSupportsIndirectInputEvents = YES;
				INFOPLIST_KEY_UILaunchScreen_Generation = YES;
				INFOPLIST_KEY_UISupportedInterfaceOrientations_iPad = "UIInterfaceOrientationPortrait UIInterfaceOrientationPortraitUpsideDown UIInterfaceOrientationLandscapeLeft UIInterfaceOrientationLandscapeRight";
				INFOPLIST_KEY_UISupportedInterfaceOrientations_iPhone = "UIInterfaceOrientationPortrait UIInterfaceOrientationLandscapeLeft UIInterfaceOrientationLandscapeRight";
				INFOPLIST_KEY_UIUserInterfaceStyle = Dark;
				IPHONEOS_DEPLOYMENT_TARGET = 15.0;
				LD_RUNPATH_SEARCH_PATHS = (
					"$(inherited)",
					"@executable_path/Frameworks",
				);
				MARKETING_VERSION = 1.0;
				PRODUCT_BUNDLE_IDENTIFIER = "com.postnikova.Rick-And-Morty";
				PRODUCT_NAME = "$(TARGET_NAME)";
				SUPPORTED_PLATFORMS = "iphoneos iphonesimulator";
				SUPPORTS_MACCATALYST = NO;
				SUPPORTS_MAC_DESIGNED_FOR_IPHONE_IPAD = NO;
				SWIFT_EMIT_LOC_STRINGS = YES;
				SWIFT_VERSION = 5.0;
				TARGETED_DEVICE_FAMILY = 1;
			};
			name = Release;
		};
/* End XCBuildConfiguration section */

/* Begin XCConfigurationList section */
		FEE397062A8E004500E2FBC8 /* Build configuration list for PBXProject "Rick And Morty" */ = {
			isa = XCConfigurationList;
			buildConfigurations = (
				FEE397172A8E004700E2FBC8 /* Debug */,
				FEE397182A8E004700E2FBC8 /* Release */,
			);
			defaultConfigurationIsVisible = 0;
			defaultConfigurationName = Release;
		};
		FEE397192A8E004700E2FBC8 /* Build configuration list for PBXNativeTarget "Rick And Morty" */ = {
			isa = XCConfigurationList;
			buildConfigurations = (
				FEE3971A2A8E004700E2FBC8 /* Debug */,
				FEE3971B2A8E004700E2FBC8 /* Release */,
			);
			defaultConfigurationIsVisible = 0;
			defaultConfigurationName = Release;
		};
/* End XCConfigurationList section */
	};
	rootObject = FEE397032A8E004500E2FBC8 /* Project object */;
}
